
Microsoft Visual Studio Solution File, Format Version 12.00
# Visual Studio Version 17
VisualStudioVersion = 17.8.34322.80
MinimumVisualStudioVersion = 10.0.40219.1
Project("{FAE04EC0-301F-11D3-BF4B-00C04F79EFBC}") = "ProjectIqra", "ProjectIqra\ProjectIqra.csproj", "{C7ADFC99-DCD5-4D52-97E0-0FB8F4CE53A4}"
EndProject
Project("{FAE04EC0-301F-11D3-BF4B-00C04F79EFBC}") = "IqraCore", "IqraCore\IqraCore.csproj", "{CF39C42A-2768-4F44-A593-514225AD91DF}"
EndProject
Project("{FAE04EC0-301F-11D3-BF4B-00C04F79EFBC}") = "IqraInfrastructure", "IqraInfrastructure\IqraInfrastructure.csproj", "{818C88BF-7869-4091-8D27-2AE615FD4E31}"
EndProject
Project("{FAE04EC0-301F-11D3-BF4B-00C04F79EFBC}") = "IqraPresentation", "IqraPresentation\IqraPresentation.csproj", "{38A57E55-B89D-4FED-A34F-D48BC8FE5FB0}"
EndProject
Global
	GlobalSection(SolutionConfigurationPlatforms) = preSolution
		Debug|Any CPU = Debug|Any CPU
		Release|Any CPU = Release|Any CPU
	EndGlobalSection
	GlobalSection(ProjectConfigurationPlatforms) = postSolution
		{C7ADFC99-DCD5-4D52-97E0-0FB8F4CE53A4}.Debug|Any CPU.ActiveCfg = Debug|Any CPU
		{C7ADFC99-DCD5-4D52-97E0-0FB8F4CE53A4}.Debug|Any CPU.Build.0 = Debug|Any CPU
		{C7ADFC99-DCD5-4D52-97E0-0FB8F4CE53A4}.Release|Any CPU.ActiveCfg = Release|Any CPU
		{C7ADFC99-DCD5-4D52-97E0-0FB8F4CE53A4}.Release|Any CPU.Build.0 = Release|Any CPU
		{CF39C42A-2768-4F44-A593-514225AD91DF}.Debug|Any CPU.ActiveCfg = Debug|Any CPU
		{CF39C42A-2768-4F44-A593-514225AD91DF}.Debug|Any CPU.Build.0 = Debug|Any CPU
		{CF39C42A-2768-4F44-A593-514225AD91DF}.Release|Any CPU.ActiveCfg = Release|Any CPU
		{CF39C42A-2768-4F44-A593-514225AD91DF}.Release|Any CPU.Build.0 = Release|Any CPU
		{818C88BF-7869-4091-8D27-2AE615FD4E31}.Debug|Any CPU.ActiveCfg = Debug|Any CPU
		{818C88BF-7869-4091-8D27-2AE615FD4E31}.Debug|Any CPU.Build.0 = Debug|Any CPU
		{818C88BF-7869-4091-8D27-2AE615FD4E31}.Release|Any CPU.ActiveCfg = Release|Any CPU
		{818C88BF-7869-4091-8D27-2AE615FD4E31}.Release|Any CPU.Build.0 = Release|Any CPU
		{38A57E55-B89D-4FED-A34F-D48BC8FE5FB0}.Debug|Any CPU.ActiveCfg = Debug|Any CPU
		{38A57E55-B89D-4FED-A34F-D48BC8FE5FB0}.Debug|Any CPU.Build.0 = Debug|Any CPU
		{38A57E55-B89D-4FED-A34F-D48BC8FE5FB0}.Release|Any CPU.ActiveCfg = Release|Any CPU
		{38A57E55-B89D-4FED-A34F-D48BC8FE5FB0}.Release|Any CPU.Build.0 = Release|Any CPU
	EndGlobalSection
	GlobalSection(SolutionProperties) = preSolution
		HideSolutionNode = FALSE
	EndGlobalSection
	GlobalSection(ExtensibilityGlobals) = postSolution
		SolutionGuid = {49412E2B-D548-481B-B81A-8731E7BBC656}
	EndGlobalSection
EndGlobal
