
Microsoft Visual Studio Solution File, Format Version 12.00
# Visual Studio Version 17
VisualStudioVersion = 17.8.34322.80
MinimumVisualStudioVersion = 10.0.40219.1
Project("{9A19103F-16F7-4668-BE54-9A1E7A4F7556}") = "IqraCore", "IqraCore\IqraCore.csproj", "{CF39C42A-2768-4F44-A593-514225AD91DF}"
EndProject
Project("{9A19103F-16F7-4668-BE54-9A1E7A4F7556}") = "IqraInfrastructure", "IqraInfrastructure\IqraInfrastructure.csproj", "{818C88BF-7869-4091-8D27-2AE615FD4E31}"
EndProject
Project("{2150E333-8FDC-42A3-9474-1A3956D46DE8}") = "Dependencies", "Dependencies", "{72E4E33A-F654-4911-9C94-A23A0961B287}"
EndProject
Project("{9A19103F-16F7-4668-BE54-9A1E7A4F7556}") = "ProjectIqraFrontend", "ProjectIqraFrontend\ProjectIqraFrontend.csproj", "{D97DB88C-FC7B-453B-957F-EC84EE08BBC1}"
EndProject
Project("{2150E333-8FDC-42A3-9474-1A3956D46DE8}") = "App", "App", "{7E8723B2-D567-4A90-9EFF-88DEC8E7A35E}"
EndProject
Project("{9A19103F-16F7-4668-BE54-9A1E7A4F7556}") = "IqraStatic", "IqraStatic\IqraStatic.csproj", "{AF7DE417-CFDC-4EE9-8FD4-0674000F740B}"
EndProject
Project("{FAE04EC0-301F-11D3-BF4B-00C04F79EFBC}") = "ProjectIqraBackendProxy", "ProjectIqraBackendProxy\ProjectIqraBackendProxy.csproj", "{466797B5-5039-43EE-A03D-22F343F74F65}"
EndProject
Project("{FAE04EC0-301F-11D3-BF4B-00C04F79EFBC}") = "ProjectIqraBackendApp", "ProjectIqraBackendApp\ProjectIqraBackendApp.csproj", "{4B7C451E-7D62-4E14-86BF-DDA8D67A7171}"
EndProject
Project("{FAE04EC0-301F-11D3-BF4B-00C04F79EFBC}") = "testApp", "testApp\testApp.csproj", "{2BBAC927-D5A6-43DB-B878-766D59122D29}"
EndProject
Project("{FAE04EC0-301F-11D3-BF4B-00C04F79EFBC}") = "ElevenLabs", "Dependencies\ElevenLabs\src\libs\ElevenLabs\ElevenLabs.csproj", "{D0242FBE-B4A4-A5A5-552B-1A4CD6726CCE}"
EndProject
Project("{FAE04EC0-301F-11D3-BF4B-00C04F79EFBC}") = "IqraBackgroundProcessor", "IqraBackgroundProcessor\IqraBackgroundProcessor.csproj", "{DEBCFCD9-117A-47E9-8039-16335BD422BD}"
EndProject
Project("{2150E333-8FDC-42A3-9474-1A3956D46DE8}") = "Tests", "Tests", "{02EA681E-C7D8-13C7-8484-4AC65E1B71E8}"
EndProject
Project("{FAE04EC0-301F-11D3-BF4B-00C04F79EFBC}") = "IqraTests", "IqraTests\IqraTests.csproj", "{4041DA85-0544-4A7C-A13F-76060D557D33}"
EndProject
Global
	GlobalSection(SolutionConfigurationPlatforms) = preSolution
		Debug|Any CPU = Debug|Any CPU
		Release|Any CPU = Release|Any CPU
	EndGlobalSection
	GlobalSection(ProjectConfigurationPlatforms) = postSolution
		{CF39C42A-2768-4F44-A593-514225AD91DF}.Debug|Any CPU.ActiveCfg = Debug|Any CPU
		{CF39C42A-2768-4F44-A593-514225AD91DF}.Debug|Any CPU.Build.0 = Debug|Any CPU
		{CF39C42A-2768-4F44-A593-514225AD91DF}.Release|Any CPU.ActiveCfg = Release|Any CPU
		{CF39C42A-2768-4F44-A593-514225AD91DF}.Release|Any CPU.Build.0 = Release|Any CPU
		{818C88BF-7869-4091-8D27-2AE615FD4E31}.Debug|Any CPU.ActiveCfg = Debug|Any CPU
		{818C88BF-7869-4091-8D27-2AE615FD4E31}.Debug|Any CPU.Build.0 = Debug|Any CPU
		{818C88BF-7869-4091-8D27-2AE615FD4E31}.Release|Any CPU.ActiveCfg = Release|Any CPU
		{818C88BF-7869-4091-8D27-2AE615FD4E31}.Release|Any CPU.Build.0 = Release|Any CPU
		{D97DB88C-FC7B-453B-957F-EC84EE08BBC1}.Debug|Any CPU.ActiveCfg = Debug|Any CPU
		{D97DB88C-FC7B-453B-957F-EC84EE08BBC1}.Debug|Any CPU.Build.0 = Debug|Any CPU
		{D97DB88C-FC7B-453B-957F-EC84EE08BBC1}.Release|Any CPU.ActiveCfg = Release|Any CPU
		{D97DB88C-FC7B-453B-957F-EC84EE08BBC1}.Release|Any CPU.Build.0 = Release|Any CPU
		{AF7DE417-CFDC-4EE9-8FD4-0674000F740B}.Debug|Any CPU.ActiveCfg = Debug|Any CPU
		{AF7DE417-CFDC-4EE9-8FD4-0674000F740B}.Debug|Any CPU.Build.0 = Debug|Any CPU
		{AF7DE417-CFDC-4EE9-8FD4-0674000F740B}.Release|Any CPU.ActiveCfg = Release|Any CPU
		{AF7DE417-CFDC-4EE9-8FD4-0674000F740B}.Release|Any CPU.Build.0 = Release|Any CPU
		{466797B5-5039-43EE-A03D-22F343F74F65}.Debug|Any CPU.ActiveCfg = Debug|Any CPU
		{466797B5-5039-43EE-A03D-22F343F74F65}.Debug|Any CPU.Build.0 = Debug|Any CPU
		{466797B5-5039-43EE-A03D-22F343F74F65}.Release|Any CPU.ActiveCfg = Release|Any CPU
		{466797B5-5039-43EE-A03D-22F343F74F65}.Release|Any CPU.Build.0 = Release|Any CPU
		{4B7C451E-7D62-4E14-86BF-DDA8D67A7171}.Debug|Any CPU.ActiveCfg = Debug|Any CPU
		{4B7C451E-7D62-4E14-86BF-DDA8D67A7171}.Debug|Any CPU.Build.0 = Debug|Any CPU
		{4B7C451E-7D62-4E14-86BF-DDA8D67A7171}.Release|Any CPU.ActiveCfg = Release|Any CPU
		{4B7C451E-7D62-4E14-86BF-DDA8D67A7171}.Release|Any CPU.Build.0 = Release|Any CPU
		{2BBAC927-D5A6-43DB-B878-766D59122D29}.Debug|Any CPU.ActiveCfg = Debug|Any CPU
		{2BBAC927-D5A6-43DB-B878-766D59122D29}.Debug|Any CPU.Build.0 = Debug|Any CPU
		{2BBAC927-D5A6-43DB-B878-766D59122D29}.Release|Any CPU.ActiveCfg = Release|Any CPU
		{2BBAC927-D5A6-43DB-B878-766D59122D29}.Release|Any CPU.Build.0 = Release|Any CPU
		{D0242FBE-B4A4-A5A5-552B-1A4CD6726CCE}.Debug|Any CPU.ActiveCfg = Debug|Any CPU
		{D0242FBE-B4A4-A5A5-552B-1A4CD6726CCE}.Debug|Any CPU.Build.0 = Debug|Any CPU
		{D0242FBE-B4A4-A5A5-552B-1A4CD6726CCE}.Release|Any CPU.ActiveCfg = Release|Any CPU
		{D0242FBE-B4A4-A5A5-552B-1A4CD6726CCE}.Release|Any CPU.Build.0 = Release|Any CPU
		{DEBCFCD9-117A-47E9-8039-16335BD422BD}.Debug|Any CPU.ActiveCfg = Debug|Any CPU
		{DEBCFCD9-117A-47E9-8039-16335BD422BD}.Debug|Any CPU.Build.0 = Debug|Any CPU
		{DEBCFCD9-117A-47E9-8039-16335BD422BD}.Release|Any CPU.ActiveCfg = Release|Any CPU
		{DEBCFCD9-117A-47E9-8039-16335BD422BD}.Release|Any CPU.Build.0 = Release|Any CPU
		{4041DA85-0544-4A7C-A13F-76060D557D33}.Debug|Any CPU.ActiveCfg = Debug|Any CPU
		{4041DA85-0544-4A7C-A13F-76060D557D33}.Debug|Any CPU.Build.0 = Debug|Any CPU
		{4041DA85-0544-4A7C-A13F-76060D557D33}.Release|Any CPU.ActiveCfg = Release|Any CPU
		{4041DA85-0544-4A7C-A13F-76060D557D33}.Release|Any CPU.Build.0 = Release|Any CPU
	EndGlobalSection
	GlobalSection(SolutionProperties) = preSolution
		HideSolutionNode = FALSE
	EndGlobalSection
	GlobalSection(NestedProjects) = preSolution
		{D97DB88C-FC7B-453B-957F-EC84EE08BBC1} = {7E8723B2-D567-4A90-9EFF-88DEC8E7A35E}
		{466797B5-5039-43EE-A03D-22F343F74F65} = {7E8723B2-D567-4A90-9EFF-88DEC8E7A35E}
		{4B7C451E-7D62-4E14-86BF-DDA8D67A7171} = {7E8723B2-D567-4A90-9EFF-88DEC8E7A35E}
		{2BBAC927-D5A6-43DB-B878-766D59122D29} = {7E8723B2-D567-4A90-9EFF-88DEC8E7A35E}
		{D0242FBE-B4A4-A5A5-552B-1A4CD6726CCE} = {72E4E33A-F654-4911-9C94-A23A0961B287}
		{DEBCFCD9-117A-47E9-8039-16335BD422BD} = {7E8723B2-D567-4A90-9EFF-88DEC8E7A35E}
		{4041DA85-0544-4A7C-A13F-76060D557D33} = {02EA681E-C7D8-13C7-8484-4AC65E1B71E8}
	EndGlobalSection
	GlobalSection(ExtensibilityGlobals) = postSolution
		SolutionGuid = {49412E2B-D548-481B-B81A-8731E7BBC656}
	EndGlobalSection
EndGlobal
