
Microsoft Visual Studio Solution File, Format Version 12.00
# Visual Studio Version 17
VisualStudioVersion = 17.8.34322.80
MinimumVisualStudioVersion = 10.0.40219.1
Project("{9A19103F-16F7-4668-BE54-9A1E7A4F7556}") = "ProjectIqra", "ProjectIqra\ProjectIqra.csproj", "{C7ADFC99-DCD5-4D52-97E0-0FB8F4CE53A4}"
EndProject
Project("{9A19103F-16F7-4668-BE54-9A1E7A4F7556}") = "IqraCore", "IqraCore\IqraCore.csproj", "{CF39C42A-2768-4F44-A593-514225AD91DF}"
EndProject
Project("{9A19103F-16F7-4668-BE54-9A1E7A4F7556}") = "IqraInfrastructure", "IqraInfrastructure\IqraInfrastructure.csproj", "{818C88BF-7869-4091-8D27-2AE615FD4E31}"
EndProject
Project("{9A19103F-16F7-4668-BE54-9A1E7A4F7556}") = "IqraPresentation", "IqraPresentation\IqraPresentation.csproj", "{38A57E55-B89D-4FED-A34F-D48BC8FE5FB0}"
EndProject
Project("{2150E333-8FDC-42A3-9474-1A3956D46DE8}") = "Dependencies", "Dependencies", "{72E4E33A-F654-4911-9C94-A23A0961B287}"
EndProject
Project("{9A19103F-16F7-4668-BE54-9A1E7A4F7556}") = "SimcomNETCore", "..\SimcomNET\SimcomNETCore\SimcomNETCore.csproj", "{94A8DF13-2ED8-4387-90E5-2C7F25A4E501}"
EndProject
Project("{9A19103F-16F7-4668-BE54-9A1E7A4F7556}") = "HardwareHelperLib", "..\SimcomNET\HardwareHelperLib\HardwareHelperLib.csproj", "{E947EEA1-91A9-4F6F-8F91-D9AF96BB9691}"
EndProject
Global
	GlobalSection(SolutionConfigurationPlatforms) = preSolution
		Debug|Any CPU = Debug|Any CPU
		Release|Any CPU = Release|Any CPU
	EndGlobalSection
	GlobalSection(ProjectConfigurationPlatforms) = postSolution
		{C7ADFC99-DCD5-4D52-97E0-0FB8F4CE53A4}.Debug|Any CPU.ActiveCfg = Debug|Any CPU
		{C7ADFC99-DCD5-4D52-97E0-0FB8F4CE53A4}.Debug|Any CPU.Build.0 = Debug|Any CPU
		{C7ADFC99-DCD5-4D52-97E0-0FB8F4CE53A4}.Release|Any CPU.ActiveCfg = Release|Any CPU
		{C7ADFC99-DCD5-4D52-97E0-0FB8F4CE53A4}.Release|Any CPU.Build.0 = Release|Any CPU
		{CF39C42A-2768-4F44-A593-514225AD91DF}.Debug|Any CPU.ActiveCfg = Debug|Any CPU
		{CF39C42A-2768-4F44-A593-514225AD91DF}.Debug|Any CPU.Build.0 = Debug|Any CPU
		{CF39C42A-2768-4F44-A593-514225AD91DF}.Release|Any CPU.ActiveCfg = Release|Any CPU
		{CF39C42A-2768-4F44-A593-514225AD91DF}.Release|Any CPU.Build.0 = Release|Any CPU
		{818C88BF-7869-4091-8D27-2AE615FD4E31}.Debug|Any CPU.ActiveCfg = Debug|Any CPU
		{818C88BF-7869-4091-8D27-2AE615FD4E31}.Debug|Any CPU.Build.0 = Debug|Any CPU
		{818C88BF-7869-4091-8D27-2AE615FD4E31}.Release|Any CPU.ActiveCfg = Release|Any CPU
		{818C88BF-7869-4091-8D27-2AE615FD4E31}.Release|Any CPU.Build.0 = Release|Any CPU
		{38A57E55-B89D-4FED-A34F-D48BC8FE5FB0}.Debug|Any CPU.ActiveCfg = Debug|Any CPU
		{38A57E55-B89D-4FED-A34F-D48BC8FE5FB0}.Debug|Any CPU.Build.0 = Debug|Any CPU
		{38A57E55-B89D-4FED-A34F-D48BC8FE5FB0}.Release|Any CPU.ActiveCfg = Release|Any CPU
		{38A57E55-B89D-4FED-A34F-D48BC8FE5FB0}.Release|Any CPU.Build.0 = Release|Any CPU
		{94A8DF13-2ED8-4387-90E5-2C7F25A4E501}.Debug|Any CPU.ActiveCfg = Debug|Any CPU
		{94A8DF13-2ED8-4387-90E5-2C7F25A4E501}.Debug|Any CPU.Build.0 = Debug|Any CPU
		{94A8DF13-2ED8-4387-90E5-2C7F25A4E501}.Release|Any CPU.ActiveCfg = Release|Any CPU
		{94A8DF13-2ED8-4387-90E5-2C7F25A4E501}.Release|Any CPU.Build.0 = Release|Any CPU
		{E947EEA1-91A9-4F6F-8F91-D9AF96BB9691}.Debug|Any CPU.ActiveCfg = Debug|Any CPU
		{E947EEA1-91A9-4F6F-8F91-D9AF96BB9691}.Debug|Any CPU.Build.0 = Debug|Any CPU
		{E947EEA1-91A9-4F6F-8F91-D9AF96BB9691}.Release|Any CPU.ActiveCfg = Release|Any CPU
		{E947EEA1-91A9-4F6F-8F91-D9AF96BB9691}.Release|Any CPU.Build.0 = Release|Any CPU
	EndGlobalSection
	GlobalSection(SolutionProperties) = preSolution
		HideSolutionNode = FALSE
	EndGlobalSection
	GlobalSection(NestedProjects) = preSolution
		{94A8DF13-2ED8-4387-90E5-2C7F25A4E501} = {72E4E33A-F654-4911-9C94-A23A0961B287}
		{E947EEA1-91A9-4F6F-8F91-D9AF96BB9691} = {72E4E33A-F654-4911-9C94-A23A0961B287}
	EndGlobalSection
	GlobalSection(ExtensibilityGlobals) = postSolution
		SolutionGuid = {49412E2B-D548-481B-B81A-8731E7BBC656}
	EndGlobalSection
EndGlobal
